// !$*UTF8*$!
{
	archiveVersion = 1;
	classes = {
	};
	objectVersion = 56;
	objects = {

/* Begin PBXBuildFile section */
		9365284A0E6420D70BD4DB1F /* ReceiptScanner.swift in Sources */ = {isa = PBXBuildFile; fileRef = 80935E0B7FAACE298118A68A /* ReceiptScanner.swift */; };
		E0B53F40ABE30579431C9F5F /* ReceiptScanView.swift in Sources */ = {isa = PBXBuildFile; fileRef = B53721311D391AF148076C67 /* ReceiptScanView.swift */; };
		F10000010000000000000001 /* FurgApp.swift in Sources */ = {isa = PBXBuildFile; fileRef = F20000010000000000000001 /* FurgApp.swift */; };
		F10000010000000000000002 /* Config.swift in Sources */ = {isa = PBXBuildFile; fileRef = F20000010000000000000002 /* Config.swift */; };
		F10000010000000000000003 /* Models.swift in Sources */ = {isa = PBXBuildFile; fileRef = F20000010000000000000003 /* Models.swift */; };
		F10000010000000000000004 /* WishlistModels.swift in Sources */ = {isa = PBXBuildFile; fileRef = F20000010000000000000004 /* WishlistModels.swift */; };
		F10000010000000000000005 /* APIClient.swift in Sources */ = {isa = PBXBuildFile; fileRef = F20000010000000000000005 /* APIClient.swift */; };
		F10000010000000000000006 /* AuthManager.swift in Sources */ = {isa = PBXBuildFile; fileRef = F20000010000000000000006 /* AuthManager.swift */; };
		F10000010000000000000007 /* ChatManager.swift in Sources */ = {isa = PBXBuildFile; fileRef = F20000010000000000000007 /* ChatManager.swift */; };
		F10000010000000000000008 /* FinanceManager.swift in Sources */ = {isa = PBXBuildFile; fileRef = F20000010000000000000008 /* FinanceManager.swift */; };
		F10000010000000000000009 /* PlaidManager.swift in Sources */ = {isa = PBXBuildFile; fileRef = F20000010000000000000009 /* PlaidManager.swift */; };
		F10000010000000000000010 /* WishlistManager.swift in Sources */ = {isa = PBXBuildFile; fileRef = F20000010000000000000010 /* WishlistManager.swift */; };
		F10000010000000000000011 /* BalanceView.swift in Sources */ = {isa = PBXBuildFile; fileRef = F20000010000000000000011 /* BalanceView.swift */; };
		F10000010000000000000012 /* ChatView.swift in Sources */ = {isa = PBXBuildFile; fileRef = F20000010000000000000012 /* ChatView.swift */; };
		F10000010000000000000013 /* FinancingCalculatorView.swift in Sources */ = {isa = PBXBuildFile; fileRef = F20000010000000000000013 /* FinancingCalculatorView.swift */; };
		F10000010000000000000014 /* MainTabView.swift in Sources */ = {isa = PBXBuildFile; fileRef = F20000010000000000000014 /* MainTabView.swift */; };
		F10000010000000000000015 /* PurchasePlanView.swift in Sources */ = {isa = PBXBuildFile; fileRef = F20000010000000000000015 /* PurchasePlanView.swift */; };
		F10000010000000000000016 /* SettingsView.swift in Sources */ = {isa = PBXBuildFile; fileRef = F20000010000000000000016 /* SettingsView.swift */; };
		F10000010000000000000017 /* TransactionsView.swift in Sources */ = {isa = PBXBuildFile; fileRef = F20000010000000000000017 /* TransactionsView.swift */; };
		F10000010000000000000018 /* WelcomeView.swift in Sources */ = {isa = PBXBuildFile; fileRef = F20000010000000000000018 /* WelcomeView.swift */; };
		F10000010000000000000019 /* WishlistView.swift in Sources */ = {isa = PBXBuildFile; fileRef = F20000010000000000000019 /* WishlistView.swift */; };
		F10000010000000000000020 /* Assets.xcassets in Resources */ = {isa = PBXBuildFile; fileRef = F20000010000000000000020 /* Assets.xcassets */; };
		F10000010000000000000021 /* DesignSystem.swift in Sources */ = {isa = PBXBuildFile; fileRef = F20000010000000000000021 /* DesignSystem.swift */; };
		F10000010000000000000022 /* GoalsModels.swift in Sources */ = {isa = PBXBuildFile; fileRef = F20000010000000000000022 /* GoalsModels.swift */; };
		F10000010000000000000023 /* SubscriptionModels.swift in Sources */ = {isa = PBXBuildFile; fileRef = F20000010000000000000023 /* SubscriptionModels.swift */; };
		F10000010000000000000024 /* ForecastingManager.swift in Sources */ = {isa = PBXBuildFile; fileRef = F20000010000000000000024 /* ForecastingManager.swift */; };
		F10000010000000000000025 /* GoalsManager.swift in Sources */ = {isa = PBXBuildFile; fileRef = F20000010000000000000025 /* GoalsManager.swift */; };
		F10000010000000000000026 /* RoundUpManager.swift in Sources */ = {isa = PBXBuildFile; fileRef = F20000010000000000000026 /* RoundUpManager.swift */; };
		F10000010000000000000027 /* SpendingLimitsManager.swift in Sources */ = {isa = PBXBuildFile; fileRef = F20000010000000000000027 /* SpendingLimitsManager.swift */; };
		F10000010000000000000028 /* SubscriptionManager.swift in Sources */ = {isa = PBXBuildFile; fileRef = F20000010000000000000028 /* SubscriptionManager.swift */; };
		F10000010000000000000029 /* ForecastView.swift in Sources */ = {isa = PBXBuildFile; fileRef = F20000010000000000000029 /* ForecastView.swift */; };
		F10000010000000000000030 /* GoalsView.swift in Sources */ = {isa = PBXBuildFile; fileRef = F20000010000000000000030 /* GoalsView.swift */; };
		F10000010000000000000031 /* HomeView.swift in Sources */ = {isa = PBXBuildFile; fileRef = F20000010000000000000031 /* HomeView.swift */; };
		F10000010000000000000032 /* OnboardingView.swift in Sources */ = {isa = PBXBuildFile; fileRef = F20000010000000000000032 /* OnboardingView.swift */; };
		F10000010000000000000033 /* RoundUpSettingsView.swift in Sources */ = {isa = PBXBuildFile; fileRef = F20000010000000000000033 /* RoundUpSettingsView.swift */; };
		F10000010000000000000034 /* SpendingAnalyticsView.swift in Sources */ = {isa = PBXBuildFile; fileRef = F20000010000000000000034 /* SpendingAnalyticsView.swift */; };
		F10000010000000000000035 /* SpendingLimitsView.swift in Sources */ = {isa = PBXBuildFile; fileRef = F20000010000000000000035 /* SpendingLimitsView.swift */; };
		F10000010000000000000036 /* SubscriptionsView.swift in Sources */ = {isa = PBXBuildFile; fileRef = F20000010000000000000036 /* SubscriptionsView.swift */; };
		F10000010000000000000037 /* ClaudeService.swift in Sources */ = {isa = PBXBuildFile; fileRef = F20000010000000000000037 /* ClaudeService.swift */; };
		F10000010000000000000038 /* CashFlowView.swift in Sources */ = {isa = PBXBuildFile; fileRef = F20000010000000000000038 /* CashFlowView.swift */; };
		F10000010000000000000039 /* AccountsView.swift in Sources */ = {isa = PBXBuildFile; fileRef = F20000010000000000000039 /* AccountsView.swift */; };
		F10000010000000000000040 /* TransactionsListView.swift in Sources */ = {isa = PBXBuildFile; fileRef = F20000010000000000000040 /* TransactionsListView.swift */; };
		F10000010000000000000041 /* DashboardView.swift in Sources */ = {isa = PBXBuildFile; fileRef = F20000010000000000000041 /* DashboardView.swift */; };
		F10000010000000000000042 /* OffersView.swift in Sources */ = {isa = PBXBuildFile; fileRef = F20000010000000000000042 /* OffersView.swift */; };
		F10000010000000000000043 /* CategoriesView.swift in Sources */ = {isa = PBXBuildFile; fileRef = F20000010000000000000043 /* CategoriesView.swift */; };
		F10000010000000000000044 /* KeychainService.swift in Sources */ = {isa = PBXBuildFile; fileRef = F20000010000000000000044 /* KeychainService.swift */; };
		F10000010000000000000045 /* ConnectBankView.swift in Sources */ = {isa = PBXBuildFile; fileRef = F20000010000000000000045 /* ConnectBankView.swift */; };
		F10000010000000000000046 /* FinanceKitManager.swift in Sources */ = {isa = PBXBuildFile; fileRef = F20000010000000000000046 /* FinanceKitManager.swift */; };
		F10000010000000000000047 /* AppleWalletView.swift in Sources */ = {isa = PBXBuildFile; fileRef = F20000010000000000000047 /* AppleWalletView.swift */; };
		F10000010000000000000048 /* SpendingDashboardView.swift in Sources */ = {isa = PBXBuildFile; fileRef = F20000010000000000000049 /* SpendingDashboardView.swift */; };
		/* NEW FILES - App */
		F10000010000000000000050 /* Formatters.swift in Sources */ = {isa = PBXBuildFile; fileRef = F20000010000000000000050 /* Formatters.swift */; };
		F10000010000000000000051 /* ThemeManager.swift in Sources */ = {isa = PBXBuildFile; fileRef = F20000010000000000000051 /* ThemeManager.swift */; };
		/* NEW FILES - Services */
		F10000010000000000000100 /* ARShoppingManager.swift in Sources */ = {isa = PBXBuildFile; fileRef = F20000010000000000000100 /* ARShoppingManager.swift */; };
		F10000010000000000000101 /* AchievementsManager.swift in Sources */ = {isa = PBXBuildFile; fileRef = F20000010000000000000101 /* AchievementsManager.swift */; };
		F10000010000000000000102 /* CacheManager.swift in Sources */ = {isa = PBXBuildFile; fileRef = F20000010000000000000102 /* CacheManager.swift */; };
		F10000010000000000000103 /* CardOptimizer.swift in Sources */ = {isa = PBXBuildFile; fileRef = F20000010000000000000103 /* CardOptimizer.swift */; };
		F10000010000000000000104 /* ConversationMemoryManager.swift in Sources */ = {isa = PBXBuildFile; fileRef = F20000010000000000000104 /* ConversationMemoryManager.swift */; };
		F10000010000000000000105 /* DataExportManager.swift in Sources */ = {isa = PBXBuildFile; fileRef = F20000010000000000000105 /* DataExportManager.swift */; };
		F10000010000000000000106 /* DebtPayoffManager.swift in Sources */ = {isa = PBXBuildFile; fileRef = F20000010000000000000106 /* DebtPayoffManager.swift */; };
		F10000010000000000000107 /* EmailIntelligenceManager.swift in Sources */ = {isa = PBXBuildFile; fileRef = F20000010000000000000107 /* EmailIntelligenceManager.swift */; };
		F10000010000000000000108 /* EmotionalSpendingManager.swift in Sources */ = {isa = PBXBuildFile; fileRef = F20000010000000000000108 /* EmotionalSpendingManager.swift */; };
		F10000010000000000000109 /* FinancialHealthManager.swift in Sources */ = {isa = PBXBuildFile; fileRef = F20000010000000000000109 /* FinancialHealthManager.swift */; };
		F10000010000000000000110 /* HealthKitManager.swift in Sources */ = {isa = PBXBuildFile; fileRef = F20000010000000000000110 /* HealthKitManager.swift */; };
		F10000010000000000000111 /* IncomeManager.swift in Sources */ = {isa = PBXBuildFile; fileRef = F20000010000000000000111 /* IncomeManager.swift */; };
		F10000010000000000000112 /* InvestmentPortfolioManager.swift in Sources */ = {isa = PBXBuildFile; fileRef = F20000010000000000000112 /* InvestmentPortfolioManager.swift */; };
		F10000010000000000000113 /* LifeContextManager.swift in Sources */ = {isa = PBXBuildFile; fileRef = F20000010000000000000113 /* LifeContextManager.swift */; };
		F10000010000000000000114 /* LifeEventDetector.swift in Sources */ = {isa = PBXBuildFile; fileRef = F20000010000000000000114 /* LifeEventDetector.swift */; };
		F10000010000000000000115 /* LifeSimulator.swift in Sources */ = {isa = PBXBuildFile; fileRef = F20000010000000000000115 /* LifeSimulator.swift */; };
		F10000010000000000000116 /* LocationManager.swift in Sources */ = {isa = PBXBuildFile; fileRef = F20000010000000000000116 /* LocationManager.swift */; };
		F10000010000000000000117 /* LoyaltyProgramManager.swift in Sources */ = {isa = PBXBuildFile; fileRef = F20000010000000000000117 /* LoyaltyProgramManager.swift */; };
		F10000010000000000000118 /* MerchantIntelligenceManager.swift in Sources */ = {isa = PBXBuildFile; fileRef = F20000010000000000000118 /* MerchantIntelligenceManager.swift */; };
		F10000010000000000000119 /* NotificationManager.swift in Sources */ = {isa = PBXBuildFile; fileRef = F20000010000000000000119 /* NotificationManager.swift */; };
		F10000010000000000000120 /* PerformanceOptimizations.swift in Sources */ = {isa = PBXBuildFile; fileRef = F20000010000000000000120 /* PerformanceOptimizations.swift */; };
		F10000010000000000000121 /* PhotoIntelligenceManager.swift in Sources */ = {isa = PBXBuildFile; fileRef = F20000010000000000000121 /* PhotoIntelligenceManager.swift */; };
		F10000010000000000000122 /* RealTimeTransactionManager.swift in Sources */ = {isa = PBXBuildFile; fileRef = F20000010000000000000122 /* RealTimeTransactionManager.swift */; };
		F10000010000000000000123 /* ReceiptScannerManager.swift in Sources */ = {isa = PBXBuildFile; fileRef = F20000010000000000000123 /* ReceiptScannerManager.swift */; };
		F10000010000000000000124 /* RecommendationEngine.swift in Sources */ = {isa = PBXBuildFile; fileRef = F20000010000000000000124 /* RecommendationEngine.swift */; };
		F10000010000000000000125 /* RecurringTransactionManager.swift in Sources */ = {isa = PBXBuildFile; fileRef = F20000010000000000000125 /* RecurringTransactionManager.swift */; };
		F10000010000000000000126 /* RetailerConnectionManager.swift in Sources */ = {isa = PBXBuildFile; fileRef = F20000010000000000000126 /* RetailerConnectionManager.swift */; };
		F10000010000000000000127 /* SharedBudgetManager.swift in Sources */ = {isa = PBXBuildFile; fileRef = F20000010000000000000127 /* SharedBudgetManager.swift */; };
		F10000010000000000000128 /* ShoppingIntelligenceManager.swift in Sources */ = {isa = PBXBuildFile; fileRef = F20000010000000000000128 /* ShoppingIntelligenceManager.swift */; };
		F10000010000000000000129 /* ShortcutsManager.swift in Sources */ = {isa = PBXBuildFile; fileRef = F20000010000000000000129 /* ShortcutsManager.swift */; };
		F10000010000000000000130 /* SmartBudgetAlertManager.swift in Sources */ = {isa = PBXBuildFile; fileRef = F20000010000000000000130 /* SmartBudgetAlertManager.swift */; };
		F10000010000000000000131 /* SmartCategorizationManager.swift in Sources */ = {isa = PBXBuildFile; fileRef = F20000010000000000000131 /* SmartCategorizationManager.swift */; };
		F10000010000000000000132 /* SpendingPredictionManager.swift in Sources */ = {isa = PBXBuildFile; fileRef = F20000010000000000000132 /* SpendingPredictionManager.swift */; };
		F10000010000000000000133 /* TimeWealthManager.swift in Sources */ = {isa = PBXBuildFile; fileRef = F20000010000000000000133 /* TimeWealthManager.swift */; };
		F10000010000000000000134 /* WidgetDataManager.swift in Sources */ = {isa = PBXBuildFile; fileRef = F20000010000000000000134 /* WidgetDataManager.swift */; };
		/* NEW FILES - Views */
		F10000010000000000000200 /* ARShoppingView.swift in Sources */ = {isa = PBXBuildFile; fileRef = F20000010000000000000200 /* ARShoppingView.swift */; };
		F10000010000000000000201 /* AccountDetailView.swift in Sources */ = {isa = PBXBuildFile; fileRef = F20000010000000000000201 /* AccountDetailView.swift */; };
		F10000010000000000000202 /* AchievementsView.swift in Sources */ = {isa = PBXBuildFile; fileRef = F20000010000000000000202 /* AchievementsView.swift */; };
		F10000010000000000000203 /* AssetAllocationView.swift in Sources */ = {isa = PBXBuildFile; fileRef = F20000010000000000000203 /* AssetAllocationView.swift */; };
		F10000010000000000000204 /* BillNegotiationView.swift in Sources */ = {isa = PBXBuildFile; fileRef = F20000010000000000000204 /* BillNegotiationView.swift */; };
		F10000010000000000000205 /* BillSplitView.swift in Sources */ = {isa = PBXBuildFile; fileRef = F20000010000000000000205 /* BillSplitView.swift */; };
		F10000010000000000000206 /* CardRecommendationsView.swift in Sources */ = {isa = PBXBuildFile; fileRef = F20000010000000000000206 /* CardRecommendationsView.swift */; };
		F10000010000000000000207 /* CreditFactorsDetailView.swift in Sources */ = {isa = PBXBuildFile; fileRef = F20000010000000000000207 /* CreditFactorsDetailView.swift */; };
		F10000010000000000000208 /* DebtPayoffView.swift in Sources */ = {isa = PBXBuildFile; fileRef = F20000010000000000000208 /* DebtPayoffView.swift */; };
		F10000010000000000000209 /* EnhancedOnboardingView.swift in Sources */ = {isa = PBXBuildFile; fileRef = F20000010000000000000209 /* EnhancedOnboardingView.swift */; };
		F10000010000000000000210 /* EnhancedRoundUpsView.swift in Sources */ = {isa = PBXBuildFile; fileRef = F20000010000000000000210 /* EnhancedRoundUpsView.swift */; };
		F10000010000000000000211 /* FinancialHealthView.swift in Sources */ = {isa = PBXBuildFile; fileRef = F20000010000000000000211 /* FinancialHealthView.swift */; };
		F10000010000000000000212 /* IncomeTrackerView.swift in Sources */ = {isa = PBXBuildFile; fileRef = F20000010000000000000212 /* IncomeTrackerView.swift */; };
		F10000010000000000000213 /* InvestmentPortfolioView.swift in Sources */ = {isa = PBXBuildFile; fileRef = F20000010000000000000213 /* InvestmentPortfolioView.swift */; };
		F10000010000000000000214 /* LifeIntegrationView.swift in Sources */ = {isa = PBXBuildFile; fileRef = F20000010000000000000214 /* LifeIntegrationView.swift */; };
		F10000010000000000000215 /* LocationInsightsView.swift in Sources */ = {isa = PBXBuildFile; fileRef = F20000010000000000000215 /* LocationInsightsView.swift */; };
		F10000010000000000000216 /* MerchantIntelligenceView.swift in Sources */ = {isa = PBXBuildFile; fileRef = F20000010000000000000216 /* MerchantIntelligenceView.swift */; };
		F10000010000000000000217 /* MoneyMindfulnessView.swift in Sources */ = {isa = PBXBuildFile; fileRef = F20000010000000000000217 /* MoneyMindfulnessView.swift */; };
		F10000010000000000000218 /* QuickTransactionView.swift in Sources */ = {isa = PBXBuildFile; fileRef = F20000010000000000000218 /* QuickTransactionView.swift */; };
		F10000010000000000000219 /* RecommendationsView.swift in Sources */ = {isa = PBXBuildFile; fileRef = F20000010000000000000219 /* RecommendationsView.swift */; };
		F10000010000000000000220 /* SavingsRateDetailView.swift in Sources */ = {isa = PBXBuildFile; fileRef = F20000010000000000000220 /* SavingsRateDetailView.swift */; };
		F10000010000000000000221 /* SharedComponents.swift in Sources */ = {isa = PBXBuildFile; fileRef = F20000010000000000000221 /* SharedComponents.swift */; };
		F10000010000000000000222 /* SpendingComparisonView.swift in Sources */ = {isa = PBXBuildFile; fileRef = F20000010000000000000222 /* SpendingComparisonView.swift */; };
		F10000010000000000000223 /* SpendingPredictionsView.swift in Sources */ = {isa = PBXBuildFile; fileRef = F20000010000000000000223 /* SpendingPredictionsView.swift */; };
		F10000010000000000000224 /* TransactionClarificationView.swift in Sources */ = {isa = PBXBuildFile; fileRef = F20000010000000000000224 /* TransactionClarificationView.swift */; };
		/* NEW FILES - Views/Components */
		F10000010000000000000300 /* NavigationHeader.swift in Sources */ = {isa = PBXBuildFile; fileRef = F20000010000000000000300 /* NavigationHeader.swift */; };
		F10000010000000000000301 /* PillTabBar.swift in Sources */ = {isa = PBXBuildFile; fileRef = F20000010000000000000301 /* PillTabBar.swift */; };
		F10000010000000000000302 /* UnifiedComponents.swift in Sources */ = {isa = PBXBuildFile; fileRef = F20000010000000000000302 /* UnifiedComponents.swift */; };
		/* NEW FILES - Merged branch files */
		F10000010000000000000400 /* DealsModels.swift in Sources */ = {isa = PBXBuildFile; fileRef = F20000010000000000000400 /* DealsModels.swift */; };
		F10000010000000000000401 /* DealsManager.swift in Sources */ = {isa = PBXBuildFile; fileRef = F20000010000000000000401 /* DealsManager.swift */; };
		F10000010000000000000402 /* ShoppingAssistantManager.swift in Sources */ = {isa = PBXBuildFile; fileRef = F20000010000000000000402 /* ShoppingAssistantManager.swift */; };
		F10000010000000000000403 /* DealsView.swift in Sources */ = {isa = PBXBuildFile; fileRef = F20000010000000000000403 /* DealsView.swift */; };
		F10000010000000000000404 /* DealsSearchView.swift in Sources */ = {isa = PBXBuildFile; fileRef = F20000010000000000000404 /* DealsSearchView.swift */; };
		F10000010000000000000405 /* ShoppingChatView.swift in Sources */ = {isa = PBXBuildFile; fileRef = F20000010000000000000405 /* ShoppingChatView.swift */; };
		F10000010000000000000500 /* ToolsHubView.swift in Sources */ = {isa = PBXBuildFile; fileRef = F20000010000000000000500 /* ToolsHubView.swift */; };
/* End PBXBuildFile section */

/* Begin PBXFileReference section */
		80935E0B7FAACE298118A68A /* ReceiptScanner.swift */ = {isa = PBXFileReference; lastKnownFileType = sourcecode.swift; path = ReceiptScanner.swift; sourceTree = "<group>"; };
		B53721311D391AF148076C67 /* ReceiptScanView.swift */ = {isa = PBXFileReference; lastKnownFileType = sourcecode.swift; path = ReceiptScanView.swift; sourceTree = "<group>"; };
		F20000010000000000000000 /* Furg.app */ = {isa = PBXFileReference; explicitFileType = wrapper.application; includeInIndex = 0; path = Furg.app; sourceTree = BUILT_PRODUCTS_DIR; };
		F20000010000000000000001 /* FurgApp.swift */ = {isa = PBXFileReference; lastKnownFileType = sourcecode.swift; path = FurgApp.swift; sourceTree = "<group>"; };
		F20000010000000000000002 /* Config.swift */ = {isa = PBXFileReference; lastKnownFileType = sourcecode.swift; path = Config.swift; sourceTree = "<group>"; };
		F20000010000000000000003 /* Models.swift */ = {isa = PBXFileReference; lastKnownFileType = sourcecode.swift; path = Models.swift; sourceTree = "<group>"; };
		F20000010000000000000004 /* WishlistModels.swift */ = {isa = PBXFileReference; lastKnownFileType = sourcecode.swift; path = WishlistModels.swift; sourceTree = "<group>"; };
		F20000010000000000000005 /* APIClient.swift */ = {isa = PBXFileReference; lastKnownFileType = sourcecode.swift; path = APIClient.swift; sourceTree = "<group>"; };
		F20000010000000000000006 /* AuthManager.swift */ = {isa = PBXFileReference; lastKnownFileType = sourcecode.swift; path = AuthManager.swift; sourceTree = "<group>"; };
		F20000010000000000000007 /* ChatManager.swift */ = {isa = PBXFileReference; lastKnownFileType = sourcecode.swift; path = ChatManager.swift; sourceTree = "<group>"; };
		F20000010000000000000008 /* FinanceManager.swift */ = {isa = PBXFileReference; lastKnownFileType = sourcecode.swift; path = FinanceManager.swift; sourceTree = "<group>"; };
		F20000010000000000000009 /* PlaidManager.swift */ = {isa = PBXFileReference; lastKnownFileType = sourcecode.swift; path = PlaidManager.swift; sourceTree = "<group>"; };
		F20000010000000000000010 /* WishlistManager.swift */ = {isa = PBXFileReference; lastKnownFileType = sourcecode.swift; path = WishlistManager.swift; sourceTree = "<group>"; };
		F20000010000000000000011 /* BalanceView.swift */ = {isa = PBXFileReference; lastKnownFileType = sourcecode.swift; path = BalanceView.swift; sourceTree = "<group>"; };
		F20000010000000000000012 /* ChatView.swift */ = {isa = PBXFileReference; lastKnownFileType = sourcecode.swift; path = ChatView.swift; sourceTree = "<group>"; };
		F20000010000000000000013 /* FinancingCalculatorView.swift */ = {isa = PBXFileReference; lastKnownFileType = sourcecode.swift; path = FinancingCalculatorView.swift; sourceTree = "<group>"; };
		F20000010000000000000014 /* MainTabView.swift */ = {isa = PBXFileReference; lastKnownFileType = sourcecode.swift; path = MainTabView.swift; sourceTree = "<group>"; };
		F20000010000000000000015 /* PurchasePlanView.swift */ = {isa = PBXFileReference; lastKnownFileType = sourcecode.swift; path = PurchasePlanView.swift; sourceTree = "<group>"; };
		F20000010000000000000016 /* SettingsView.swift */ = {isa = PBXFileReference; lastKnownFileType = sourcecode.swift; path = SettingsView.swift; sourceTree = "<group>"; };
		F20000010000000000000017 /* TransactionsView.swift */ = {isa = PBXFileReference; lastKnownFileType = sourcecode.swift; path = TransactionsView.swift; sourceTree = "<group>"; };
		F20000010000000000000018 /* WelcomeView.swift */ = {isa = PBXFileReference; lastKnownFileType = sourcecode.swift; path = WelcomeView.swift; sourceTree = "<group>"; };
		F20000010000000000000019 /* WishlistView.swift */ = {isa = PBXFileReference; lastKnownFileType = sourcecode.swift; path = WishlistView.swift; sourceTree = "<group>"; };
		F20000010000000000000020 /* Assets.xcassets */ = {isa = PBXFileReference; lastKnownFileType = folder.assetcatalog; path = Assets.xcassets; sourceTree = "<group>"; };
		F20000010000000000000021 /* DesignSystem.swift */ = {isa = PBXFileReference; lastKnownFileType = sourcecode.swift; path = DesignSystem.swift; sourceTree = "<group>"; };
		F20000010000000000000022 /* GoalsModels.swift */ = {isa = PBXFileReference; lastKnownFileType = sourcecode.swift; path = GoalsModels.swift; sourceTree = "<group>"; };
		F20000010000000000000023 /* SubscriptionModels.swift */ = {isa = PBXFileReference; lastKnownFileType = sourcecode.swift; path = SubscriptionModels.swift; sourceTree = "<group>"; };
		F20000010000000000000024 /* ForecastingManager.swift */ = {isa = PBXFileReference; lastKnownFileType = sourcecode.swift; path = ForecastingManager.swift; sourceTree = "<group>"; };
		F20000010000000000000025 /* GoalsManager.swift */ = {isa = PBXFileReference; lastKnownFileType = sourcecode.swift; path = GoalsManager.swift; sourceTree = "<group>"; };
		F20000010000000000000026 /* RoundUpManager.swift */ = {isa = PBXFileReference; lastKnownFileType = sourcecode.swift; path = RoundUpManager.swift; sourceTree = "<group>"; };
		F20000010000000000000027 /* SpendingLimitsManager.swift */ = {isa = PBXFileReference; lastKnownFileType = sourcecode.swift; path = SpendingLimitsManager.swift; sourceTree = "<group>"; };
		F20000010000000000000028 /* SubscriptionManager.swift */ = {isa = PBXFileReference; lastKnownFileType = sourcecode.swift; path = SubscriptionManager.swift; sourceTree = "<group>"; };
		F20000010000000000000029 /* ForecastView.swift */ = {isa = PBXFileReference; lastKnownFileType = sourcecode.swift; path = ForecastView.swift; sourceTree = "<group>"; };
		F20000010000000000000030 /* GoalsView.swift */ = {isa = PBXFileReference; lastKnownFileType = sourcecode.swift; path = GoalsView.swift; sourceTree = "<group>"; };
		F20000010000000000000031 /* HomeView.swift */ = {isa = PBXFileReference; lastKnownFileType = sourcecode.swift; path = HomeView.swift; sourceTree = "<group>"; };
		F20000010000000000000032 /* OnboardingView.swift */ = {isa = PBXFileReference; lastKnownFileType = sourcecode.swift; path = OnboardingView.swift; sourceTree = "<group>"; };
		F20000010000000000000033 /* RoundUpSettingsView.swift */ = {isa = PBXFileReference; lastKnownFileType = sourcecode.swift; path = RoundUpSettingsView.swift; sourceTree = "<group>"; };
		F20000010000000000000034 /* SpendingAnalyticsView.swift */ = {isa = PBXFileReference; lastKnownFileType = sourcecode.swift; path = SpendingAnalyticsView.swift; sourceTree = "<group>"; };
		F20000010000000000000035 /* SpendingLimitsView.swift */ = {isa = PBXFileReference; lastKnownFileType = sourcecode.swift; path = SpendingLimitsView.swift; sourceTree = "<group>"; };
		F20000010000000000000036 /* SubscriptionsView.swift */ = {isa = PBXFileReference; lastKnownFileType = sourcecode.swift; path = SubscriptionsView.swift; sourceTree = "<group>"; };
		F20000010000000000000037 /* ClaudeService.swift */ = {isa = PBXFileReference; lastKnownFileType = sourcecode.swift; path = ClaudeService.swift; sourceTree = "<group>"; };
		F20000010000000000000038 /* CashFlowView.swift */ = {isa = PBXFileReference; lastKnownFileType = sourcecode.swift; path = CashFlowView.swift; sourceTree = "<group>"; };
		F20000010000000000000039 /* AccountsView.swift */ = {isa = PBXFileReference; lastKnownFileType = sourcecode.swift; path = AccountsView.swift; sourceTree = "<group>"; };
		F20000010000000000000040 /* TransactionsListView.swift */ = {isa = PBXFileReference; lastKnownFileType = sourcecode.swift; path = TransactionsListView.swift; sourceTree = "<group>"; };
		F20000010000000000000041 /* DashboardView.swift */ = {isa = PBXFileReference; lastKnownFileType = sourcecode.swift; path = DashboardView.swift; sourceTree = "<group>"; };
		F20000010000000000000042 /* OffersView.swift */ = {isa = PBXFileReference; lastKnownFileType = sourcecode.swift; path = OffersView.swift; sourceTree = "<group>"; };
		F20000010000000000000043 /* CategoriesView.swift */ = {isa = PBXFileReference; lastKnownFileType = sourcecode.swift; path = CategoriesView.swift; sourceTree = "<group>"; };
		F20000010000000000000044 /* KeychainService.swift */ = {isa = PBXFileReference; lastKnownFileType = sourcecode.swift; path = KeychainService.swift; sourceTree = "<group>"; };
		F20000010000000000000045 /* ConnectBankView.swift */ = {isa = PBXFileReference; lastKnownFileType = sourcecode.swift; path = ConnectBankView.swift; sourceTree = "<group>"; };
		F20000010000000000000046 /* FinanceKitManager.swift */ = {isa = PBXFileReference; lastKnownFileType = sourcecode.swift; path = FinanceKitManager.swift; sourceTree = "<group>"; };
		F20000010000000000000047 /* AppleWalletView.swift */ = {isa = PBXFileReference; lastKnownFileType = sourcecode.swift; path = AppleWalletView.swift; sourceTree = "<group>"; };
		F20000010000000000000048 /* Furg.entitlements */ = {isa = PBXFileReference; lastKnownFileType = text.plist.entitlements; path = Furg.entitlements; sourceTree = "<group>"; };
		F20000010000000000000049 /* SpendingDashboardView.swift */ = {isa = PBXFileReference; lastKnownFileType = sourcecode.swift; path = SpendingDashboardView.swift; sourceTree = "<group>"; };
		/* NEW FILES - App */
		F20000010000000000000050 /* Formatters.swift */ = {isa = PBXFileReference; lastKnownFileType = sourcecode.swift; path = Formatters.swift; sourceTree = "<group>"; };
		F20000010000000000000051 /* ThemeManager.swift */ = {isa = PBXFileReference; lastKnownFileType = sourcecode.swift; path = ThemeManager.swift; sourceTree = "<group>"; };
		/* NEW FILES - Services */
		F20000010000000000000100 /* ARShoppingManager.swift */ = {isa = PBXFileReference; lastKnownFileType = sourcecode.swift; path = ARShoppingManager.swift; sourceTree = "<group>"; };
		F20000010000000000000101 /* AchievementsManager.swift */ = {isa = PBXFileReference; lastKnownFileType = sourcecode.swift; path = AchievementsManager.swift; sourceTree = "<group>"; };
		F20000010000000000000102 /* CacheManager.swift */ = {isa = PBXFileReference; lastKnownFileType = sourcecode.swift; path = CacheManager.swift; sourceTree = "<group>"; };
		F20000010000000000000103 /* CardOptimizer.swift */ = {isa = PBXFileReference; lastKnownFileType = sourcecode.swift; path = CardOptimizer.swift; sourceTree = "<group>"; };
		F20000010000000000000104 /* ConversationMemoryManager.swift */ = {isa = PBXFileReference; lastKnownFileType = sourcecode.swift; path = ConversationMemoryManager.swift; sourceTree = "<group>"; };
		F20000010000000000000105 /* DataExportManager.swift */ = {isa = PBXFileReference; lastKnownFileType = sourcecode.swift; path = DataExportManager.swift; sourceTree = "<group>"; };
		F20000010000000000000106 /* DebtPayoffManager.swift */ = {isa = PBXFileReference; lastKnownFileType = sourcecode.swift; path = DebtPayoffManager.swift; sourceTree = "<group>"; };
		F20000010000000000000107 /* EmailIntelligenceManager.swift */ = {isa = PBXFileReference; lastKnownFileType = sourcecode.swift; path = EmailIntelligenceManager.swift; sourceTree = "<group>"; };
		F20000010000000000000108 /* EmotionalSpendingManager.swift */ = {isa = PBXFileReference; lastKnownFileType = sourcecode.swift; path = EmotionalSpendingManager.swift; sourceTree = "<group>"; };
		F20000010000000000000109 /* FinancialHealthManager.swift */ = {isa = PBXFileReference; lastKnownFileType = sourcecode.swift; path = FinancialHealthManager.swift; sourceTree = "<group>"; };
		F20000010000000000000110 /* HealthKitManager.swift */ = {isa = PBXFileReference; lastKnownFileType = sourcecode.swift; path = HealthKitManager.swift; sourceTree = "<group>"; };
		F20000010000000000000111 /* IncomeManager.swift */ = {isa = PBXFileReference; lastKnownFileType = sourcecode.swift; path = IncomeManager.swift; sourceTree = "<group>"; };
		F20000010000000000000112 /* InvestmentPortfolioManager.swift */ = {isa = PBXFileReference; lastKnownFileType = sourcecode.swift; path = InvestmentPortfolioManager.swift; sourceTree = "<group>"; };
		F20000010000000000000113 /* LifeContextManager.swift */ = {isa = PBXFileReference; lastKnownFileType = sourcecode.swift; path = LifeContextManager.swift; sourceTree = "<group>"; };
		F20000010000000000000114 /* LifeEventDetector.swift */ = {isa = PBXFileReference; lastKnownFileType = sourcecode.swift; path = LifeEventDetector.swift; sourceTree = "<group>"; };
		F20000010000000000000115 /* LifeSimulator.swift */ = {isa = PBXFileReference; lastKnownFileType = sourcecode.swift; path = LifeSimulator.swift; sourceTree = "<group>"; };
		F20000010000000000000116 /* LocationManager.swift */ = {isa = PBXFileReference; lastKnownFileType = sourcecode.swift; path = LocationManager.swift; sourceTree = "<group>"; };
		F20000010000000000000117 /* LoyaltyProgramManager.swift */ = {isa = PBXFileReference; lastKnownFileType = sourcecode.swift; path = LoyaltyProgramManager.swift; sourceTree = "<group>"; };
		F20000010000000000000118 /* MerchantIntelligenceManager.swift */ = {isa = PBXFileReference; lastKnownFileType = sourcecode.swift; path = MerchantIntelligenceManager.swift; sourceTree = "<group>"; };
		F20000010000000000000119 /* NotificationManager.swift */ = {isa = PBXFileReference; lastKnownFileType = sourcecode.swift; path = NotificationManager.swift; sourceTree = "<group>"; };
		F20000010000000000000120 /* PerformanceOptimizations.swift */ = {isa = PBXFileReference; lastKnownFileType = sourcecode.swift; path = PerformanceOptimizations.swift; sourceTree = "<group>"; };
		F20000010000000000000121 /* PhotoIntelligenceManager.swift */ = {isa = PBXFileReference; lastKnownFileType = sourcecode.swift; path = PhotoIntelligenceManager.swift; sourceTree = "<group>"; };
		F20000010000000000000122 /* RealTimeTransactionManager.swift */ = {isa = PBXFileReference; lastKnownFileType = sourcecode.swift; path = RealTimeTransactionManager.swift; sourceTree = "<group>"; };
		F20000010000000000000123 /* ReceiptScannerManager.swift */ = {isa = PBXFileReference; lastKnownFileType = sourcecode.swift; path = ReceiptScannerManager.swift; sourceTree = "<group>"; };
		F20000010000000000000124 /* RecommendationEngine.swift */ = {isa = PBXFileReference; lastKnownFileType = sourcecode.swift; path = RecommendationEngine.swift; sourceTree = "<group>"; };
		F20000010000000000000125 /* RecurringTransactionManager.swift */ = {isa = PBXFileReference; lastKnownFileType = sourcecode.swift; path = RecurringTransactionManager.swift; sourceTree = "<group>"; };
		F20000010000000000000126 /* RetailerConnectionManager.swift */ = {isa = PBXFileReference; lastKnownFileType = sourcecode.swift; path = RetailerConnectionManager.swift; sourceTree = "<group>"; };
		F20000010000000000000127 /* SharedBudgetManager.swift */ = {isa = PBXFileReference; lastKnownFileType = sourcecode.swift; path = SharedBudgetManager.swift; sourceTree = "<group>"; };
		F20000010000000000000128 /* ShoppingIntelligenceManager.swift */ = {isa = PBXFileReference; lastKnownFileType = sourcecode.swift; path = ShoppingIntelligenceManager.swift; sourceTree = "<group>"; };
		F20000010000000000000129 /* ShortcutsManager.swift */ = {isa = PBXFileReference; lastKnownFileType = sourcecode.swift; path = ShortcutsManager.swift; sourceTree = "<group>"; };
		F20000010000000000000130 /* SmartBudgetAlertManager.swift */ = {isa = PBXFileReference; lastKnownFileType = sourcecode.swift; path = SmartBudgetAlertManager.swift; sourceTree = "<group>"; };
		F20000010000000000000131 /* SmartCategorizationManager.swift */ = {isa = PBXFileReference; lastKnownFileType = sourcecode.swift; path = SmartCategorizationManager.swift; sourceTree = "<group>"; };
		F20000010000000000000132 /* SpendingPredictionManager.swift */ = {isa = PBXFileReference; lastKnownFileType = sourcecode.swift; path = SpendingPredictionManager.swift; sourceTree = "<group>"; };
		F20000010000000000000133 /* TimeWealthManager.swift */ = {isa = PBXFileReference; lastKnownFileType = sourcecode.swift; path = TimeWealthManager.swift; sourceTree = "<group>"; };
		F20000010000000000000134 /* WidgetDataManager.swift */ = {isa = PBXFileReference; lastKnownFileType = sourcecode.swift; path = WidgetDataManager.swift; sourceTree = "<group>"; };
		/* NEW FILES - Views */
		F20000010000000000000200 /* ARShoppingView.swift */ = {isa = PBXFileReference; lastKnownFileType = sourcecode.swift; path = ARShoppingView.swift; sourceTree = "<group>"; };
		F20000010000000000000201 /* AccountDetailView.swift */ = {isa = PBXFileReference; lastKnownFileType = sourcecode.swift; path = AccountDetailView.swift; sourceTree = "<group>"; };
		F20000010000000000000202 /* AchievementsView.swift */ = {isa = PBXFileReference; lastKnownFileType = sourcecode.swift; path = AchievementsView.swift; sourceTree = "<group>"; };
		F20000010000000000000203 /* AssetAllocationView.swift */ = {isa = PBXFileReference; lastKnownFileType = sourcecode.swift; path = AssetAllocationView.swift; sourceTree = "<group>"; };
		F20000010000000000000204 /* BillNegotiationView.swift */ = {isa = PBXFileReference; lastKnownFileType = sourcecode.swift; path = BillNegotiationView.swift; sourceTree = "<group>"; };
		F20000010000000000000205 /* BillSplitView.swift */ = {isa = PBXFileReference; lastKnownFileType = sourcecode.swift; path = BillSplitView.swift; sourceTree = "<group>"; };
		F20000010000000000000206 /* CardRecommendationsView.swift */ = {isa = PBXFileReference; lastKnownFileType = sourcecode.swift; path = CardRecommendationsView.swift; sourceTree = "<group>"; };
		F20000010000000000000207 /* CreditFactorsDetailView.swift */ = {isa = PBXFileReference; lastKnownFileType = sourcecode.swift; path = CreditFactorsDetailView.swift; sourceTree = "<group>"; };
		F20000010000000000000208 /* DebtPayoffView.swift */ = {isa = PBXFileReference; lastKnownFileType = sourcecode.swift; path = DebtPayoffView.swift; sourceTree = "<group>"; };
		F20000010000000000000209 /* EnhancedOnboardingView.swift */ = {isa = PBXFileReference; lastKnownFileType = sourcecode.swift; path = EnhancedOnboardingView.swift; sourceTree = "<group>"; };
		F20000010000000000000210 /* EnhancedRoundUpsView.swift */ = {isa = PBXFileReference; lastKnownFileType = sourcecode.swift; path = EnhancedRoundUpsView.swift; sourceTree = "<group>"; };
		F20000010000000000000211 /* FinancialHealthView.swift */ = {isa = PBXFileReference; lastKnownFileType = sourcecode.swift; path = FinancialHealthView.swift; sourceTree = "<group>"; };
		F20000010000000000000212 /* IncomeTrackerView.swift */ = {isa = PBXFileReference; lastKnownFileType = sourcecode.swift; path = IncomeTrackerView.swift; sourceTree = "<group>"; };
		F20000010000000000000213 /* InvestmentPortfolioView.swift */ = {isa = PBXFileReference; lastKnownFileType = sourcecode.swift; path = InvestmentPortfolioView.swift; sourceTree = "<group>"; };
		F20000010000000000000214 /* LifeIntegrationView.swift */ = {isa = PBXFileReference; lastKnownFileType = sourcecode.swift; path = LifeIntegrationView.swift; sourceTree = "<group>"; };
		F20000010000000000000215 /* LocationInsightsView.swift */ = {isa = PBXFileReference; lastKnownFileType = sourcecode.swift; path = LocationInsightsView.swift; sourceTree = "<group>"; };
		F20000010000000000000216 /* MerchantIntelligenceView.swift */ = {isa = PBXFileReference; lastKnownFileType = sourcecode.swift; path = MerchantIntelligenceView.swift; sourceTree = "<group>"; };
		F20000010000000000000217 /* MoneyMindfulnessView.swift */ = {isa = PBXFileReference; lastKnownFileType = sourcecode.swift; path = MoneyMindfulnessView.swift; sourceTree = "<group>"; };
		F20000010000000000000218 /* QuickTransactionView.swift */ = {isa = PBXFileReference; lastKnownFileType = sourcecode.swift; path = QuickTransactionView.swift; sourceTree = "<group>"; };
		F20000010000000000000219 /* RecommendationsView.swift */ = {isa = PBXFileReference; lastKnownFileType = sourcecode.swift; path = RecommendationsView.swift; sourceTree = "<group>"; };
		F20000010000000000000220 /* SavingsRateDetailView.swift */ = {isa = PBXFileReference; lastKnownFileType = sourcecode.swift; path = SavingsRateDetailView.swift; sourceTree = "<group>"; };
		F20000010000000000000221 /* SharedComponents.swift */ = {isa = PBXFileReference; lastKnownFileType = sourcecode.swift; path = SharedComponents.swift; sourceTree = "<group>"; };
		F20000010000000000000222 /* SpendingComparisonView.swift */ = {isa = PBXFileReference; lastKnownFileType = sourcecode.swift; path = SpendingComparisonView.swift; sourceTree = "<group>"; };
		F20000010000000000000223 /* SpendingPredictionsView.swift */ = {isa = PBXFileReference; lastKnownFileType = sourcecode.swift; path = SpendingPredictionsView.swift; sourceTree = "<group>"; };
		F20000010000000000000224 /* TransactionClarificationView.swift */ = {isa = PBXFileReference; lastKnownFileType = sourcecode.swift; path = TransactionClarificationView.swift; sourceTree = "<group>"; };
		/* NEW FILES - Views/Components */
		F20000010000000000000300 /* NavigationHeader.swift */ = {isa = PBXFileReference; lastKnownFileType = sourcecode.swift; path = NavigationHeader.swift; sourceTree = "<group>"; };
		F20000010000000000000301 /* PillTabBar.swift */ = {isa = PBXFileReference; lastKnownFileType = sourcecode.swift; path = PillTabBar.swift; sourceTree = "<group>"; };
		F20000010000000000000302 /* UnifiedComponents.swift */ = {isa = PBXFileReference; lastKnownFileType = sourcecode.swift; path = UnifiedComponents.swift; sourceTree = "<group>"; };
		/* NEW FILES - Merged branch files */
		F20000010000000000000400 /* DealsModels.swift */ = {isa = PBXFileReference; lastKnownFileType = sourcecode.swift; path = DealsModels.swift; sourceTree = "<group>"; };
		F20000010000000000000401 /* DealsManager.swift */ = {isa = PBXFileReference; lastKnownFileType = sourcecode.swift; path = DealsManager.swift; sourceTree = "<group>"; };
		F20000010000000000000402 /* ShoppingAssistantManager.swift */ = {isa = PBXFileReference; lastKnownFileType = sourcecode.swift; path = ShoppingAssistantManager.swift; sourceTree = "<group>"; };
		F20000010000000000000403 /* DealsView.swift */ = {isa = PBXFileReference; lastKnownFileType = sourcecode.swift; path = DealsView.swift; sourceTree = "<group>"; };
		F20000010000000000000404 /* DealsSearchView.swift */ = {isa = PBXFileReference; lastKnownFileType = sourcecode.swift; path = DealsSearchView.swift; sourceTree = "<group>"; };
		F20000010000000000000405 /* ShoppingChatView.swift */ = {isa = PBXFileReference; lastKnownFileType = sourcecode.swift; path = ShoppingChatView.swift; sourceTree = "<group>"; };
		F20000010000000000000500 /* ToolsHubView.swift */ = {isa = PBXFileReference; lastKnownFileType = sourcecode.swift; path = ToolsHubView.swift; sourceTree = "<group>"; };
/* End PBXFileReference section */

/* Begin PBXFrameworksBuildPhase section */
		F30000010000000000000001 /* Frameworks */ = {
			isa = PBXFrameworksBuildPhase;
			buildActionMask = 2147483647;
			files = (
			);
			runOnlyForDeploymentPostprocessing = 0;
		};
/* End PBXFrameworksBuildPhase section */

/* Begin PBXGroup section */
		F40000010000000000000000 = {
			isa = PBXGroup;
			children = (
				F40000010000000000000001 /* Furg */,
				F40000010000000000000099 /* Products */,
			);
			sourceTree = "<group>";
		};
		F40000010000000000000001 /* Furg */ = {
			isa = PBXGroup;
			children = (
				F40000010000000000000002 /* App */,
				F40000010000000000000003 /* Models */,
				F40000010000000000000004 /* Services */,
				F40000010000000000000005 /* Views */,
				F40000010000000000000006 /* Resources */,
				F20000010000000000000048 /* Furg.entitlements */,
			);
			path = Furg;
			sourceTree = "<group>";
		};
		F40000010000000000000002 /* App */ = {
			isa = PBXGroup;
			children = (
				F20000010000000000000001 /* FurgApp.swift */,
				F20000010000000000000002 /* Config.swift */,
				F20000010000000000000021 /* DesignSystem.swift */,
				F20000010000000000000050 /* Formatters.swift */,
				F20000010000000000000051 /* ThemeManager.swift */,
			);
			path = App;
			sourceTree = "<group>";
		};
		F40000010000000000000003 /* Models */ = {
			isa = PBXGroup;
			children = (
				F20000010000000000000400 /* DealsModels.swift */,
				F20000010000000000000022 /* GoalsModels.swift */,
				F20000010000000000000003 /* Models.swift */,
				F20000010000000000000023 /* SubscriptionModels.swift */,
				F20000010000000000000004 /* WishlistModels.swift */,
			);
			path = Models;
			sourceTree = "<group>";
		};
		F40000010000000000000004 /* Services */ = {
			isa = PBXGroup;
			children = (
				F20000010000000000000005 /* APIClient.swift */,
				F20000010000000000000100 /* ARShoppingManager.swift */,
				F20000010000000000000101 /* AchievementsManager.swift */,
				F20000010000000000000006 /* AuthManager.swift */,
				F20000010000000000000102 /* CacheManager.swift */,
				F20000010000000000000103 /* CardOptimizer.swift */,
				F20000010000000000000007 /* ChatManager.swift */,
				F20000010000000000000037 /* ClaudeService.swift */,
				F20000010000000000000104 /* ConversationMemoryManager.swift */,
				F20000010000000000000105 /* DataExportManager.swift */,
				F20000010000000000000401 /* DealsManager.swift */,
				F20000010000000000000106 /* DebtPayoffManager.swift */,
				F20000010000000000000107 /* EmailIntelligenceManager.swift */,
				F20000010000000000000108 /* EmotionalSpendingManager.swift */,
				F20000010000000000000046 /* FinanceKitManager.swift */,
				F20000010000000000000008 /* FinanceManager.swift */,
				F20000010000000000000109 /* FinancialHealthManager.swift */,
				F20000010000000000000024 /* ForecastingManager.swift */,
				F20000010000000000000025 /* GoalsManager.swift */,
				F20000010000000000000110 /* HealthKitManager.swift */,
				F20000010000000000000111 /* IncomeManager.swift */,
				F20000010000000000000112 /* InvestmentPortfolioManager.swift */,
				F20000010000000000000044 /* KeychainService.swift */,
				F20000010000000000000113 /* LifeContextManager.swift */,
				F20000010000000000000114 /* LifeEventDetector.swift */,
				F20000010000000000000115 /* LifeSimulator.swift */,
				F20000010000000000000116 /* LocationManager.swift */,
				F20000010000000000000117 /* LoyaltyProgramManager.swift */,
				F20000010000000000000118 /* MerchantIntelligenceManager.swift */,
				F20000010000000000000119 /* NotificationManager.swift */,
				F20000010000000000000120 /* PerformanceOptimizations.swift */,
				F20000010000000000000121 /* PhotoIntelligenceManager.swift */,
				F20000010000000000000009 /* PlaidManager.swift */,
				F20000010000000000000122 /* RealTimeTransactionManager.swift */,
				80935E0B7FAACE298118A68A /* ReceiptScanner.swift */,
				F20000010000000000000123 /* ReceiptScannerManager.swift */,
				F20000010000000000000124 /* RecommendationEngine.swift */,
				F20000010000000000000125 /* RecurringTransactionManager.swift */,
				F20000010000000000000126 /* RetailerConnectionManager.swift */,
				F20000010000000000000026 /* RoundUpManager.swift */,
				F20000010000000000000127 /* SharedBudgetManager.swift */,
				F20000010000000000000402 /* ShoppingAssistantManager.swift */,
				F20000010000000000000128 /* ShoppingIntelligenceManager.swift */,
				F20000010000000000000129 /* ShortcutsManager.swift */,
				F20000010000000000000130 /* SmartBudgetAlertManager.swift */,
				F20000010000000000000131 /* SmartCategorizationManager.swift */,
				F20000010000000000000027 /* SpendingLimitsManager.swift */,
				F20000010000000000000132 /* SpendingPredictionManager.swift */,
				F20000010000000000000028 /* SubscriptionManager.swift */,
				F20000010000000000000133 /* TimeWealthManager.swift */,
				F20000010000000000000134 /* WidgetDataManager.swift */,
				F20000010000000000000010 /* WishlistManager.swift */,
			);
			path = Services;
			sourceTree = "<group>";
		};
		F40000010000000000000005 /* Views */ = {
			isa = PBXGroup;
			children = (
				F40000010000000000000007 /* Components */,
				F20000010000000000000200 /* ARShoppingView.swift */,
				F20000010000000000000201 /* AccountDetailView.swift */,
				F20000010000000000000039 /* AccountsView.swift */,
				F20000010000000000000202 /* AchievementsView.swift */,
				F20000010000000000000047 /* AppleWalletView.swift */,
				F20000010000000000000203 /* AssetAllocationView.swift */,
				F20000010000000000000011 /* BalanceView.swift */,
				F20000010000000000000204 /* BillNegotiationView.swift */,
				F20000010000000000000205 /* BillSplitView.swift */,
				F20000010000000000000206 /* CardRecommendationsView.swift */,
				F20000010000000000000038 /* CashFlowView.swift */,
				F20000010000000000000043 /* CategoriesView.swift */,
				F20000010000000000000012 /* ChatView.swift */,
				F20000010000000000000045 /* ConnectBankView.swift */,
				F20000010000000000000207 /* CreditFactorsDetailView.swift */,
				F20000010000000000000041 /* DashboardView.swift */,
				F20000010000000000000404 /* DealsSearchView.swift */,
				F20000010000000000000403 /* DealsView.swift */,
				F20000010000000000000208 /* DebtPayoffView.swift */,
				F20000010000000000000209 /* EnhancedOnboardingView.swift */,
				F20000010000000000000210 /* EnhancedRoundUpsView.swift */,
				F20000010000000000000211 /* FinancialHealthView.swift */,
				F20000010000000000000013 /* FinancingCalculatorView.swift */,
				F20000010000000000000029 /* ForecastView.swift */,
				F20000010000000000000030 /* GoalsView.swift */,
				F20000010000000000000031 /* HomeView.swift */,
				F20000010000000000000212 /* IncomeTrackerView.swift */,
				F20000010000000000000213 /* InvestmentPortfolioView.swift */,
				F20000010000000000000214 /* LifeIntegrationView.swift */,
				F20000010000000000000215 /* LocationInsightsView.swift */,
				F20000010000000000000014 /* MainTabView.swift */,
				F20000010000000000000216 /* MerchantIntelligenceView.swift */,
				F20000010000000000000217 /* MoneyMindfulnessView.swift */,
				F20000010000000000000042 /* OffersView.swift */,
				F20000010000000000000032 /* OnboardingView.swift */,
				F20000010000000000000015 /* PurchasePlanView.swift */,
				F20000010000000000000218 /* QuickTransactionView.swift */,
				B53721311D391AF148076C67 /* ReceiptScanView.swift */,
				F20000010000000000000219 /* RecommendationsView.swift */,
				F20000010000000000000033 /* RoundUpSettingsView.swift */,
				F20000010000000000000220 /* SavingsRateDetailView.swift */,
				F20000010000000000000016 /* SettingsView.swift */,
				F20000010000000000000221 /* SharedComponents.swift */,
				F20000010000000000000405 /* ShoppingChatView.swift */,
				F20000010000000000000034 /* SpendingAnalyticsView.swift */,
				F20000010000000000000222 /* SpendingComparisonView.swift */,
				F20000010000000000000049 /* SpendingDashboardView.swift */,
				F20000010000000000000035 /* SpendingLimitsView.swift */,
				F20000010000000000000223 /* SpendingPredictionsView.swift */,
				F20000010000000000000036 /* SubscriptionsView.swift */,
				F20000010000000000000224 /* TransactionClarificationView.swift */,
				F20000010000000000000500 /* ToolsHubView.swift */,
				F20000010000000000000040 /* TransactionsListView.swift */,
				F20000010000000000000017 /* TransactionsView.swift */,
				F20000010000000000000018 /* WelcomeView.swift */,
				F20000010000000000000019 /* WishlistView.swift */,
			);
			path = Views;
			sourceTree = "<group>";
		};
		F40000010000000000000006 /* Resources */ = {
			isa = PBXGroup;
			children = (
				F20000010000000000000020 /* Assets.xcassets */,
			);
			path = Resources;
			sourceTree = "<group>";
		};
		F40000010000000000000007 /* Components */ = {
			isa = PBXGroup;
			children = (
				F20000010000000000000300 /* NavigationHeader.swift */,
				F20000010000000000000301 /* PillTabBar.swift */,
				F20000010000000000000302 /* UnifiedComponents.swift */,
			);
			path = Components;
			sourceTree = "<group>";
		};
		F40000010000000000000099 /* Products */ = {
			isa = PBXGroup;
			children = (
				F20000010000000000000000 /* Furg.app */,
			);
			name = Products;
			sourceTree = "<group>";
		};
/* End PBXGroup section */

/* Begin PBXNativeTarget section */
		F50000010000000000000001 /* Furg */ = {
			isa = PBXNativeTarget;
			buildConfigurationList = F70000010000000000000001 /* Build configuration list for PBXNativeTarget "Furg" */;
			buildPhases = (
				F60000010000000000000001 /* Sources */,
				F30000010000000000000001 /* Frameworks */,
				F60000010000000000000002 /* Resources */,
			);
			buildRules = (
			);
			dependencies = (
			);
			name = Furg;
			productName = Furg;
			productReference = F20000010000000000000000 /* Furg.app */;
			productType = "com.apple.product-type.application";
		};
/* End PBXNativeTarget section */

/* Begin PBXProject section */
		F80000010000000000000001 /* Project object */ = {
			isa = PBXProject;
			attributes = {
				BuildIndependentTargetsInParallel = 1;
				LastSwiftUpdateCheck = 1500;
				LastUpgradeCheck = 1500;
				TargetAttributes = {
					F50000010000000000000001 = {
						CreatedOnToolsVersion = 15.0;
					};
				};
			};
			buildConfigurationList = F70000010000000000000002 /* Build configuration list for PBXProject "Furg" */;
			compatibilityVersion = "Xcode 14.0";
			developmentRegion = en;
			hasScannedForEncodings = 0;
			knownRegions = (
				en,
				Base,
			);
			mainGroup = F40000010000000000000000;
			productRefGroup = F40000010000000000000099 /* Products */;
			projectDirPath = "";
			projectRoot = "";
			targets = (
				F50000010000000000000001 /* Furg */,
			);
		};
/* End PBXProject section */

/* Begin PBXResourcesBuildPhase section */
		F60000010000000000000002 /* Resources */ = {
			isa = PBXResourcesBuildPhase;
			buildActionMask = 2147483647;
			files = (
				F10000010000000000000020 /* Assets.xcassets in Resources */,
			);
			runOnlyForDeploymentPostprocessing = 0;
		};
/* End PBXResourcesBuildPhase section */

/* Begin PBXSourcesBuildPhase section */
		F60000010000000000000001 /* Sources */ = {
			isa = PBXSourcesBuildPhase;
			buildActionMask = 2147483647;
			files = (
				F10000010000000000000001 /* FurgApp.swift in Sources */,
				F10000010000000000000002 /* Config.swift in Sources */,
				F10000010000000000000021 /* DesignSystem.swift in Sources */,
				F10000010000000000000050 /* Formatters.swift in Sources */,
				F10000010000000000000051 /* ThemeManager.swift in Sources */,
				F10000010000000000000003 /* Models.swift in Sources */,
				F10000010000000000000004 /* WishlistModels.swift in Sources */,
				F10000010000000000000022 /* GoalsModels.swift in Sources */,
				F10000010000000000000023 /* SubscriptionModels.swift in Sources */,
				F10000010000000000000400 /* DealsModels.swift in Sources */,
				F10000010000000000000005 /* APIClient.swift in Sources */,
				F10000010000000000000100 /* ARShoppingManager.swift in Sources */,
				F10000010000000000000101 /* AchievementsManager.swift in Sources */,
				F10000010000000000000006 /* AuthManager.swift in Sources */,
				F10000010000000000000102 /* CacheManager.swift in Sources */,
				F10000010000000000000103 /* CardOptimizer.swift in Sources */,
				F10000010000000000000007 /* ChatManager.swift in Sources */,
				F10000010000000000000037 /* ClaudeService.swift in Sources */,
				F10000010000000000000104 /* ConversationMemoryManager.swift in Sources */,
				F10000010000000000000105 /* DataExportManager.swift in Sources */,
				F10000010000000000000401 /* DealsManager.swift in Sources */,
				F10000010000000000000106 /* DebtPayoffManager.swift in Sources */,
				F10000010000000000000107 /* EmailIntelligenceManager.swift in Sources */,
				F10000010000000000000108 /* EmotionalSpendingManager.swift in Sources */,
				F10000010000000000000046 /* FinanceKitManager.swift in Sources */,
				F10000010000000000000008 /* FinanceManager.swift in Sources */,
				F10000010000000000000109 /* FinancialHealthManager.swift in Sources */,
				F10000010000000000000024 /* ForecastingManager.swift in Sources */,
				F10000010000000000000025 /* GoalsManager.swift in Sources */,
				F10000010000000000000110 /* HealthKitManager.swift in Sources */,
				F10000010000000000000111 /* IncomeManager.swift in Sources */,
				F10000010000000000000112 /* InvestmentPortfolioManager.swift in Sources */,
				F10000010000000000000044 /* KeychainService.swift in Sources */,
				F10000010000000000000113 /* LifeContextManager.swift in Sources */,
				F10000010000000000000114 /* LifeEventDetector.swift in Sources */,
				F10000010000000000000115 /* LifeSimulator.swift in Sources */,
				F10000010000000000000116 /* LocationManager.swift in Sources */,
				F10000010000000000000117 /* LoyaltyProgramManager.swift in Sources */,
				F10000010000000000000118 /* MerchantIntelligenceManager.swift in Sources */,
				F10000010000000000000119 /* NotificationManager.swift in Sources */,
				F10000010000000000000120 /* PerformanceOptimizations.swift in Sources */,
				F10000010000000000000121 /* PhotoIntelligenceManager.swift in Sources */,
				F10000010000000000000009 /* PlaidManager.swift in Sources */,
				F10000010000000000000122 /* RealTimeTransactionManager.swift in Sources */,
				9365284A0E6420D70BD4DB1F /* ReceiptScanner.swift in Sources */,
				F10000010000000000000123 /* ReceiptScannerManager.swift in Sources */,
				F10000010000000000000124 /* RecommendationEngine.swift in Sources */,
				F10000010000000000000125 /* RecurringTransactionManager.swift in Sources */,
				F10000010000000000000126 /* RetailerConnectionManager.swift in Sources */,
				F10000010000000000000026 /* RoundUpManager.swift in Sources */,
				F10000010000000000000127 /* SharedBudgetManager.swift in Sources */,
				F10000010000000000000402 /* ShoppingAssistantManager.swift in Sources */,
				F10000010000000000000128 /* ShoppingIntelligenceManager.swift in Sources */,
				F10000010000000000000129 /* ShortcutsManager.swift in Sources */,
				F10000010000000000000130 /* SmartBudgetAlertManager.swift in Sources */,
				F10000010000000000000131 /* SmartCategorizationManager.swift in Sources */,
				F10000010000000000000027 /* SpendingLimitsManager.swift in Sources */,
				F10000010000000000000132 /* SpendingPredictionManager.swift in Sources */,
				F10000010000000000000028 /* SubscriptionManager.swift in Sources */,
				F10000010000000000000133 /* TimeWealthManager.swift in Sources */,
				F10000010000000000000134 /* WidgetDataManager.swift in Sources */,
				F10000010000000000000010 /* WishlistManager.swift in Sources */,
				F10000010000000000000200 /* ARShoppingView.swift in Sources */,
				F10000010000000000000201 /* AccountDetailView.swift in Sources */,
				F10000010000000000000039 /* AccountsView.swift in Sources */,
				F10000010000000000000202 /* AchievementsView.swift in Sources */,
				F10000010000000000000047 /* AppleWalletView.swift in Sources */,
				F10000010000000000000203 /* AssetAllocationView.swift in Sources */,
				F10000010000000000000011 /* BalanceView.swift in Sources */,
				F10000010000000000000204 /* BillNegotiationView.swift in Sources */,
				F10000010000000000000205 /* BillSplitView.swift in Sources */,
				F10000010000000000000206 /* CardRecommendationsView.swift in Sources */,
				F10000010000000000000038 /* CashFlowView.swift in Sources */,
				F10000010000000000000043 /* CategoriesView.swift in Sources */,
				F10000010000000000000012 /* ChatView.swift in Sources */,
				F10000010000000000000045 /* ConnectBankView.swift in Sources */,
				F10000010000000000000207 /* CreditFactorsDetailView.swift in Sources */,
				F10000010000000000000041 /* DashboardView.swift in Sources */,
				F10000010000000000000404 /* DealsSearchView.swift in Sources */,
				F10000010000000000000403 /* DealsView.swift in Sources */,
				F10000010000000000000208 /* DebtPayoffView.swift in Sources */,
				F10000010000000000000209 /* EnhancedOnboardingView.swift in Sources */,
				F10000010000000000000210 /* EnhancedRoundUpsView.swift in Sources */,
				F10000010000000000000211 /* FinancialHealthView.swift in Sources */,
				F10000010000000000000013 /* FinancingCalculatorView.swift in Sources */,
				F10000010000000000000029 /* ForecastView.swift in Sources */,
				F10000010000000000000030 /* GoalsView.swift in Sources */,
				F10000010000000000000031 /* HomeView.swift in Sources */,
				F10000010000000000000212 /* IncomeTrackerView.swift in Sources */,
				F10000010000000000000213 /* InvestmentPortfolioView.swift in Sources */,
				F10000010000000000000214 /* LifeIntegrationView.swift in Sources */,
				F10000010000000000000215 /* LocationInsightsView.swift in Sources */,
				F10000010000000000000014 /* MainTabView.swift in Sources */,
				F10000010000000000000216 /* MerchantIntelligenceView.swift in Sources */,
				F10000010000000000000217 /* MoneyMindfulnessView.swift in Sources */,
				F10000010000000000000042 /* OffersView.swift in Sources */,
				F10000010000000000000032 /* OnboardingView.swift in Sources */,
				F10000010000000000000015 /* PurchasePlanView.swift in Sources */,
				F10000010000000000000218 /* QuickTransactionView.swift in Sources */,
				E0B53F40ABE30579431C9F5F /* ReceiptScanView.swift in Sources */,
				F10000010000000000000219 /* RecommendationsView.swift in Sources */,
				F10000010000000000000033 /* RoundUpSettingsView.swift in Sources */,
				F10000010000000000000220 /* SavingsRateDetailView.swift in Sources */,
				F10000010000000000000016 /* SettingsView.swift in Sources */,
				F10000010000000000000221 /* SharedComponents.swift in Sources */,
				F10000010000000000000405 /* ShoppingChatView.swift in Sources */,
				F10000010000000000000034 /* SpendingAnalyticsView.swift in Sources */,
				F10000010000000000000222 /* SpendingComparisonView.swift in Sources */,
				F10000010000000000000048 /* SpendingDashboardView.swift in Sources */,
				F10000010000000000000035 /* SpendingLimitsView.swift in Sources */,
				F10000010000000000000223 /* SpendingPredictionsView.swift in Sources */,
				F10000010000000000000036 /* SubscriptionsView.swift in Sources */,
				F10000010000000000000224 /* TransactionClarificationView.swift in Sources */,
				F10000010000000000000500 /* ToolsHubView.swift in Sources */,
				F10000010000000000000040 /* TransactionsListView.swift in Sources */,
				F10000010000000000000017 /* TransactionsView.swift in Sources */,
				F10000010000000000000018 /* WelcomeView.swift in Sources */,
				F10000010000000000000019 /* WishlistView.swift in Sources */,
				F10000010000000000000300 /* NavigationHeader.swift in Sources */,
				F10000010000000000000301 /* PillTabBar.swift in Sources */,
				F10000010000000000000302 /* UnifiedComponents.swift in Sources */,
			);
			runOnlyForDeploymentPostprocessing = 0;
		};
/* End PBXSourcesBuildPhase section */

/* Begin XCBuildConfiguration section */
		F90000010000000000000001 /* Debug */ = {
			isa = XCBuildConfiguration;
			buildSettings = {
				ALWAYS_SEARCH_USER_PATHS = NO;
				ASSETCATALOG_COMPILER_GENERATE_SWIFT_ASSET_SYMBOL_EXTENSIONS = YES;
				CLANG_ANALYZER_NONNULL = YES;
				CLANG_ANALYZER_NUMBER_OBJECT_CONVERSION = YES_AGGRESSIVE;
				CLANG_CXX_LANGUAGE_STANDARD = "gnu++20";
				CLANG_ENABLE_MODULES = YES;
				CLANG_ENABLE_OBJC_ARC = YES;
				CLANG_ENABLE_OBJC_WEAK = YES;
				CLANG_WARN_BLOCK_CAPTURE_AUTORELEASING = YES;
				CLANG_WARN_BOOL_CONVERSION = YES;
				CLANG_WARN_COMMA = YES;
				CLANG_WARN_CONSTANT_CONVERSION = YES;
				CLANG_WARN_DEPRECATED_OBJC_IMPLEMENTATIONS = YES;
				CLANG_WARN_DIRECT_OBJC_ISA_USAGE = YES_ERROR;
				CLANG_WARN_DOCUMENTATION_COMMENTS = YES;
				CLANG_WARN_EMPTY_BODY = YES;
				CLANG_WARN_ENUM_CONVERSION = YES;
				CLANG_WARN_INFINITE_RECURSION = YES;
				CLANG_WARN_INT_CONVERSION = YES;
				CLANG_WARN_NON_LITERAL_NULL_CONVERSION = YES;
				CLANG_WARN_OBJC_IMPLICIT_RETAIN_SELF = YES;
				CLANG_WARN_OBJC_LITERAL_CONVERSION = YES;
				CLANG_WARN_OBJC_ROOT_CLASS = YES_ERROR;
				CLANG_WARN_QUOTED_INCLUDE_IN_FRAMEWORK_HEADER = YES;
				CLANG_WARN_RANGE_LOOP_ANALYSIS = YES;
				CLANG_WARN_STRICT_PROTOTYPES = YES;
				CLANG_WARN_SUSPICIOUS_MOVE = YES;
				CLANG_WARN_UNGUARDED_AVAILABILITY = YES_AGGRESSIVE;
				CLANG_WARN_UNREACHABLE_CODE = YES;
				CLANG_WARN__DUPLICATE_METHOD_MATCH = YES;
				COPY_PHASE_STRIP = NO;
				DEBUG_INFORMATION_FORMAT = dwarf;
				ENABLE_STRICT_OBJC_MSGSEND = YES;
				ENABLE_TESTABILITY = YES;
				ENABLE_USER_SCRIPT_SANDBOXING = YES;
				GCC_C_LANGUAGE_STANDARD = gnu17;
				GCC_DYNAMIC_NO_PIC = NO;
				GCC_NO_COMMON_BLOCKS = YES;
				GCC_OPTIMIZATION_LEVEL = 0;
				GCC_PREPROCESSOR_DEFINITIONS = (
					"DEBUG=1",
					"$(inherited)",
				);
				GCC_WARN_64_TO_32_BIT_CONVERSION = YES;
				GCC_WARN_ABOUT_RETURN_TYPE = YES_ERROR;
				GCC_WARN_UNDECLARED_SELECTOR = YES;
				GCC_WARN_UNINITIALIZED_AUTOS = YES_AGGRESSIVE;
				GCC_WARN_UNUSED_FUNCTION = YES;
				GCC_WARN_UNUSED_VARIABLE = YES;
				IPHONEOS_DEPLOYMENT_TARGET = 17.0;
				LOCALIZATION_PREFERS_STRING_CATALOGS = YES;
				MTL_ENABLE_DEBUG_INFO = INCLUDE_SOURCE;
				MTL_FAST_MATH = YES;
				ONLY_ACTIVE_ARCH = YES;
				SDKROOT = iphoneos;
				SWIFT_ACTIVE_COMPILATION_CONDITIONS = "DEBUG $(inherited)";
				SWIFT_OPTIMIZATION_LEVEL = "-Onone";
			};
			name = Debug;
		};
		F90000010000000000000002 /* Release */ = {
			isa = XCBuildConfiguration;
			buildSettings = {
				ALWAYS_SEARCH_USER_PATHS = NO;
				ASSETCATALOG_COMPILER_GENERATE_SWIFT_ASSET_SYMBOL_EXTENSIONS = YES;
				CLANG_ANALYZER_NONNULL = YES;
				CLANG_ANALYZER_NUMBER_OBJECT_CONVERSION = YES_AGGRESSIVE;
				CLANG_CXX_LANGUAGE_STANDARD = "gnu++20";
				CLANG_ENABLE_MODULES = YES;
				CLANG_ENABLE_OBJC_ARC = YES;
				CLANG_ENABLE_OBJC_WEAK = YES;
				CLANG_WARN_BLOCK_CAPTURE_AUTORELEASING = YES;
				CLANG_WARN_BOOL_CONVERSION = YES;
				CLANG_WARN_COMMA = YES;
				CLANG_WARN_CONSTANT_CONVERSION = YES;
				CLANG_WARN_DEPRECATED_OBJC_IMPLEMENTATIONS = YES;
				CLANG_WARN_DIRECT_OBJC_ISA_USAGE = YES_ERROR;
				CLANG_WARN_DOCUMENTATION_COMMENTS = YES;
				CLANG_WARN_EMPTY_BODY = YES;
				CLANG_WARN_ENUM_CONVERSION = YES;
				CLANG_WARN_INFINITE_RECURSION = YES;
				CLANG_WARN_INT_CONVERSION = YES;
				CLANG_WARN_NON_LITERAL_NULL_CONVERSION = YES;
				CLANG_WARN_OBJC_IMPLICIT_RETAIN_SELF = YES;
				CLANG_WARN_OBJC_LITERAL_CONVERSION = YES;
				CLANG_WARN_OBJC_ROOT_CLASS = YES_ERROR;
				CLANG_WARN_QUOTED_INCLUDE_IN_FRAMEWORK_HEADER = YES;
				CLANG_WARN_RANGE_LOOP_ANALYSIS = YES;
				CLANG_WARN_STRICT_PROTOTYPES = YES;
				CLANG_WARN_SUSPICIOUS_MOVE = YES;
				CLANG_WARN_UNGUARDED_AVAILABILITY = YES_AGGRESSIVE;
				CLANG_WARN_UNREACHABLE_CODE = YES;
				CLANG_WARN__DUPLICATE_METHOD_MATCH = YES;
				COPY_PHASE_STRIP = NO;
				DEBUG_INFORMATION_FORMAT = "dwarf-with-dsym";
				ENABLE_NS_ASSERTIONS = NO;
				ENABLE_STRICT_OBJC_MSGSEND = YES;
				ENABLE_USER_SCRIPT_SANDBOXING = YES;
				GCC_C_LANGUAGE_STANDARD = gnu17;
				GCC_NO_COMMON_BLOCKS = YES;
				GCC_WARN_64_TO_32_BIT_CONVERSION = YES;
				GCC_WARN_ABOUT_RETURN_TYPE = YES_ERROR;
				GCC_WARN_UNDECLARED_SELECTOR = YES;
				GCC_WARN_UNINITIALIZED_AUTOS = YES_AGGRESSIVE;
				GCC_WARN_UNUSED_FUNCTION = YES;
				GCC_WARN_UNUSED_VARIABLE = YES;
				IPHONEOS_DEPLOYMENT_TARGET = 17.0;
				LOCALIZATION_PREFERS_STRING_CATALOGS = YES;
				MTL_ENABLE_DEBUG_INFO = NO;
				MTL_FAST_MATH = YES;
				SDKROOT = iphoneos;
				SWIFT_COMPILATION_MODE = wholemodule;
				VALIDATE_PRODUCT = YES;
			};
			name = Release;
		};
		F90000010000000000000003 /* Debug */ = {
			isa = XCBuildConfiguration;
			buildSettings = {
				ASSETCATALOG_COMPILER_APPICON_NAME = AppIcon;
				ASSETCATALOG_COMPILER_GLOBAL_ACCENT_COLOR_NAME = AccentColor;
				CODE_SIGN_ENTITLEMENTS = Furg/Furg.entitlements;
				CODE_SIGN_STYLE = Automatic;
				CURRENT_PROJECT_VERSION = 6;
				DEVELOPMENT_TEAM = 49L3FP3ZKR;
				ENABLE_PREVIEWS = YES;
				GENERATE_INFOPLIST_FILE = YES;
				INFOPLIST_KEY_LSApplicationCategoryType = "public.app-category.finance";
				INFOPLIST_KEY_UIApplicationSceneManifest_Generation = YES;
				INFOPLIST_KEY_UIApplicationSupportsIndirectInputEvents = YES;
				INFOPLIST_KEY_UILaunchScreen_Generation = YES;
				INFOPLIST_KEY_UISupportedInterfaceOrientations_iPad = "UIInterfaceOrientationPortrait UIInterfaceOrientationPortraitUpsideDown UIInterfaceOrientationLandscapeLeft UIInterfaceOrientationLandscapeRight";
				INFOPLIST_KEY_UISupportedInterfaceOrientations_iPhone = "UIInterfaceOrientationPortrait UIInterfaceOrientationLandscapeLeft UIInterfaceOrientationLandscapeRight";
				LD_RUNPATH_SEARCH_PATHS = (
					"$(inherited)",
					"@executable_path/Frameworks",
				);
				MARKETING_VERSION = 1.6;
				PRODUCT_BUNDLE_IDENTIFIER = com.furg.app;
				PRODUCT_NAME = "$(TARGET_NAME)";
				SWIFT_EMIT_LOC_STRINGS = YES;
				SWIFT_VERSION = 5.0;
				TARGETED_DEVICE_FAMILY = "1,2";
			};
			name = Debug;
		};
		F90000010000000000000004 /* Release */ = {
			isa = XCBuildConfiguration;
			buildSettings = {
				ASSETCATALOG_COMPILER_APPICON_NAME = AppIcon;
				ASSETCATALOG_COMPILER_GLOBAL_ACCENT_COLOR_NAME = AccentColor;
				CODE_SIGN_ENTITLEMENTS = Furg/Furg.entitlements;
				CODE_SIGN_STYLE = Automatic;
				CURRENT_PROJECT_VERSION = 6;
				DEVELOPMENT_TEAM = 49L3FP3ZKR;
				ENABLE_PREVIEWS = YES;
				GENERATE_INFOPLIST_FILE = YES;
				INFOPLIST_KEY_LSApplicationCategoryType = "public.app-category.finance";
				INFOPLIST_KEY_UIApplicationSceneManifest_Generation = YES;
				INFOPLIST_KEY_UIApplicationSupportsIndirectInputEvents = YES;
				INFOPLIST_KEY_UILaunchScreen_Generation = YES;
				INFOPLIST_KEY_UISupportedInterfaceOrientations_iPad = "UIInterfaceOrientationPortrait UIInterfaceOrientationPortraitUpsideDown UIInterfaceOrientationLandscapeLeft UIInterfaceOrientationLandscapeRight";
				INFOPLIST_KEY_UISupportedInterfaceOrientations_iPhone = "UIInterfaceOrientationPortrait UIInterfaceOrientationLandscapeLeft UIInterfaceOrientationLandscapeRight";
				LD_RUNPATH_SEARCH_PATHS = (
					"$(inherited)",
					"@executable_path/Frameworks",
				);
				MARKETING_VERSION = 1.6;
				PRODUCT_BUNDLE_IDENTIFIER = com.furg.app;
				PRODUCT_NAME = "$(TARGET_NAME)";
				SWIFT_EMIT_LOC_STRINGS = YES;
				SWIFT_VERSION = 5.0;
				TARGETED_DEVICE_FAMILY = "1,2";
			};
			name = Release;
		};
/* End XCBuildConfiguration section */

/* Begin XCConfigurationList section */
		F70000010000000000000001 /* Build configuration list for PBXNativeTarget "Furg" */ = {
			isa = XCConfigurationList;
			buildConfigurations = (
				F90000010000000000000003 /* Debug */,
				F90000010000000000000004 /* Release */,
			);
			defaultConfigurationIsVisible = 0;
			defaultConfigurationName = Release;
		};
		F70000010000000000000002 /* Build configuration list for PBXProject "Furg" */ = {
			isa = XCConfigurationList;
			buildConfigurations = (
				F90000010000000000000001 /* Debug */,
				F90000010000000000000002 /* Release */,
			);
			defaultConfigurationIsVisible = 0;
			defaultConfigurationName = Release;
		};
/* End XCConfigurationList section */
	};
	rootObject = F80000010000000000000001 /* Project object */;
}
